{
  "name": "js",
  "lockfileVersion": 3,
  "requires": true,
  "packages": {
    "": {
      "dependencies": {
        "@pgrabovets/json-view": "^2.7.5"
      }
    },
    "node_modules/@pgrabovets/json-view": {
      "version": "2.7.5",
      "resolved": "https://registry.npmjs.org/@pgrabovets/json-view/-/json-view-2.7.5.tgz",
      "integrity": "sha512-5ewaHFwjjG9h2rzkkeqRZUTUK5fmnWWq0qCzv8IiZT2pU10jI6nrKPuxzzrKdD22U2PcHVKzWdeX6hPyGcyeiQ=="
    }
  }
}
